
Microsoft Visual Studio Solution File, Format Version 12.00
# Visual Studio Version 17
VisualStudioVersion = 17.5.33424.131
MinimumVisualStudioVersion = 10.0.40219.1
Project("{9A19103F-16F7-4668-BE54-9A1E7A4F7556}") = "QLNS.Entity", "QLNS.Entity\QLNS.Entity.csproj", "{D711430F-1A82-4C61-8DEC-D338BBA3441F}"
EndProject
Project("{9A19103F-16F7-4668-BE54-9A1E7A4F7556}") = "QLNS.DataAccess", "QLNS.DataAccess\QLNS.DataAccess.csproj", "{CFA87DB2-AC3B-43FE-ADA3-CF81812B4BBC}"
EndProject
Project("{9A19103F-16F7-4668-BE54-9A1E7A4F7556}") = "QLNS.Services", "QLNS.Services\QLNS.Services.csproj", "{32CFBEA6-83D2-4481-B5F4-FF7AEC1A1EB4}"
EndProject
Project("{9A19103F-16F7-4668-BE54-9A1E7A4F7556}") = "QLNS.ViewModel", "QLNS.ViewModel\QLNS.ViewModel.csproj", "{2D32C429-B587-4A81-B4F3-1818D2CB259F}"
EndProject
Project("{9A19103F-16F7-4668-BE54-9A1E7A4F7556}") = "QLNSApiBackend", "QLNSApiBackend\QLNSApiBackend.csproj", "{3478487C-B62E-4B2D-B4C6-8D028B9C5F12}"
EndProject
Project("{2150E333-8FDC-42A3-9474-1A3956D46DE8}") = "1. infrastucture", "1. infrastucture", "{8D9BD1F6-C241-41B4-968C-6898E6BC2602}"
EndProject
Project("{2150E333-8FDC-42A3-9474-1A3956D46DE8}") = "2. Domains", "2. Domains", "{DB62A5B2-3FBB-4589-B180-84D8E4BAB13C}"
EndProject
Project("{2150E333-8FDC-42A3-9474-1A3956D46DE8}") = "3. Host", "3. Host", "{99665BA1-6CD0-4E05-8F50-7F2993C061C0}"
EndProject
Project("{9A19103F-16F7-4668-BE54-9A1E7A4F7556}") = "API", "API\API.csproj", "{850D494C-9DAE-467A-BC02-97A5CD1FB2D9}"
EndProject
Global
	GlobalSection(SolutionConfigurationPlatforms) = preSolution
		Debug|Any CPU = Debug|Any CPU
		Release|Any CPU = Release|Any CPU
	EndGlobalSection
	GlobalSection(ProjectConfigurationPlatforms) = postSolution
		{D711430F-1A82-4C61-8DEC-D338BBA3441F}.Debug|Any CPU.ActiveCfg = Debug|Any CPU
		{D711430F-1A82-4C61-8DEC-D338BBA3441F}.Debug|Any CPU.Build.0 = Debug|Any CPU
		{D711430F-1A82-4C61-8DEC-D338BBA3441F}.Release|Any CPU.ActiveCfg = Release|Any CPU
		{D711430F-1A82-4C61-8DEC-D338BBA3441F}.Release|Any CPU.Build.0 = Release|Any CPU
		{CFA87DB2-AC3B-43FE-ADA3-CF81812B4BBC}.Debug|Any CPU.ActiveCfg = Debug|Any CPU
		{CFA87DB2-AC3B-43FE-ADA3-CF81812B4BBC}.Debug|Any CPU.Build.0 = Debug|Any CPU
		{CFA87DB2-AC3B-43FE-ADA3-CF81812B4BBC}.Release|Any CPU.ActiveCfg = Release|Any CPU
		{CFA87DB2-AC3B-43FE-ADA3-CF81812B4BBC}.Release|Any CPU.Build.0 = Release|Any CPU
		{32CFBEA6-83D2-4481-B5F4-FF7AEC1A1EB4}.Debug|Any CPU.ActiveCfg = Debug|Any CPU
		{32CFBEA6-83D2-4481-B5F4-FF7AEC1A1EB4}.Debug|Any CPU.Build.0 = Debug|Any CPU
		{32CFBEA6-83D2-4481-B5F4-FF7AEC1A1EB4}.Release|Any CPU.ActiveCfg = Release|Any CPU
		{32CFBEA6-83D2-4481-B5F4-FF7AEC1A1EB4}.Release|Any CPU.Build.0 = Release|Any CPU
		{2D32C429-B587-4A81-B4F3-1818D2CB259F}.Debug|Any CPU.ActiveCfg = Debug|Any CPU
		{2D32C429-B587-4A81-B4F3-1818D2CB259F}.Debug|Any CPU.Build.0 = Debug|Any CPU
		{2D32C429-B587-4A81-B4F3-1818D2CB259F}.Release|Any CPU.ActiveCfg = Release|Any CPU
		{2D32C429-B587-4A81-B4F3-1818D2CB259F}.Release|Any CPU.Build.0 = Release|Any CPU
		{3478487C-B62E-4B2D-B4C6-8D028B9C5F12}.Debug|Any CPU.ActiveCfg = Debug|Any CPU
		{3478487C-B62E-4B2D-B4C6-8D028B9C5F12}.Debug|Any CPU.Build.0 = Debug|Any CPU
		{3478487C-B62E-4B2D-B4C6-8D028B9C5F12}.Release|Any CPU.ActiveCfg = Release|Any CPU
		{3478487C-B62E-4B2D-B4C6-8D028B9C5F12}.Release|Any CPU.Build.0 = Release|Any CPU
		{850D494C-9DAE-467A-BC02-97A5CD1FB2D9}.Debug|Any CPU.ActiveCfg = Debug|Any CPU
		{850D494C-9DAE-467A-BC02-97A5CD1FB2D9}.Debug|Any CPU.Build.0 = Debug|Any CPU
		{850D494C-9DAE-467A-BC02-97A5CD1FB2D9}.Release|Any CPU.ActiveCfg = Release|Any CPU
		{850D494C-9DAE-467A-BC02-97A5CD1FB2D9}.Release|Any CPU.Build.0 = Release|Any CPU
	EndGlobalSection
	GlobalSection(SolutionProperties) = preSolution
		HideSolutionNode = FALSE
	EndGlobalSection
	GlobalSection(NestedProjects) = preSolution
		{D711430F-1A82-4C61-8DEC-D338BBA3441F} = {DB62A5B2-3FBB-4589-B180-84D8E4BAB13C}
		{CFA87DB2-AC3B-43FE-ADA3-CF81812B4BBC} = {DB62A5B2-3FBB-4589-B180-84D8E4BAB13C}
		{32CFBEA6-83D2-4481-B5F4-FF7AEC1A1EB4} = {DB62A5B2-3FBB-4589-B180-84D8E4BAB13C}
		{2D32C429-B587-4A81-B4F3-1818D2CB259F} = {8D9BD1F6-C241-41B4-968C-6898E6BC2602}
		{3478487C-B62E-4B2D-B4C6-8D028B9C5F12} = {99665BA1-6CD0-4E05-8F50-7F2993C061C0}
		{850D494C-9DAE-467A-BC02-97A5CD1FB2D9} = {99665BA1-6CD0-4E05-8F50-7F2993C061C0}
	EndGlobalSection
	GlobalSection(ExtensibilityGlobals) = postSolution
		SolutionGuid = {4CB436ED-7D12-4836-8CB7-3EC4CFCE36D8}
	EndGlobalSection
EndGlobal
